
Microsoft Visual Studio Solution File, Format Version 12.00
# Visual Studio 15
VisualStudioVersion = 15.0.28307.168
MinimumVisualStudioVersion = 10.0.40219.1
Project("{FAE04EC0-301F-11D3-BF4B-00C04F79EFBC}") = "WebApplication2", "WebApplication2\WebApplication2.csproj", "{631BAAF4-7128-48BD-BC90-EB458D1D162D}"
EndProject
Global
	GlobalSection(SolutionConfigurationPlatforms) = preSolution
		Debug|Any CPU = Debug|Any CPU
		Release|Any CPU = Release|Any CPU
	EndGlobalSection
	GlobalSection(ProjectConfigurationPlatforms) = postSolution
		{631BAAF4-7128-48BD-BC90-EB458D1D162D}.Debug|Any CPU.ActiveCfg = Debug|Any CPU
		{631BAAF4-7128-48BD-BC90-EB458D1D162D}.Debug|Any CPU.Build.0 = Debug|Any CPU
		{631BAAF4-7128-48BD-BC90-EB458D1D162D}.Release|Any CPU.ActiveCfg = Release|Any CPU
		{631BAAF4-7128-48BD-BC90-EB458D1D162D}.Release|Any CPU.Build.0 = Release|Any CPU
	EndGlobalSection
	GlobalSection(SolutionProperties) = preSolution
		HideSolutionNode = FALSE
	EndGlobalSection
	GlobalSection(ExtensibilityGlobals) = postSolution
		SolutionGuid = {5F14E807-A012-46B9-9CB0-343928F18828}
	EndGlobalSection
EndGlobal
